// !$*UTF8*$!
{
	archiveVersion = 1;
	classes = {
	};
	objectVersion = 55;
	objects = {

/* Begin PBXBuildFile section */
		DA3C4F3527B127420027B53E /* TaskDetailDateView.swift in Sources */ = {isa = PBXBuildFile; fileRef = DA3C4F3427B127420027B53E /* TaskDetailDateView.swift */; };
		DA3C4F3727B127530027B53E /* TaskDetailRecurrenceView.swift in Sources */ = {isa = PBXBuildFile; fileRef = DA3C4F3627B127530027B53E /* TaskDetailRecurrenceView.swift */; };
		DA3C4F3927B1276D0027B53E /* TaskDetailNotesView.swift in Sources */ = {isa = PBXBuildFile; fileRef = DA3C4F3827B1276D0027B53E /* TaskDetailNotesView.swift */; };
		DA3C4F3B27B127800027B53E /* TaskDetailNotificationView.swift in Sources */ = {isa = PBXBuildFile; fileRef = DA3C4F3A27B127800027B53E /* TaskDetailNotificationView.swift */; };
		DA3C4F3D27B1278B0027B53E /* TaskDetailColorView.swift in Sources */ = {isa = PBXBuildFile; fileRef = DA3C4F3C27B1278B0027B53E /* TaskDetailColorView.swift */; };
		DA3C4F3F27B14B140027B53E /* TaskListDateView.swift in Sources */ = {isa = PBXBuildFile; fileRef = DA3C4F3E27B14B140027B53E /* TaskListDateView.swift */; };
		DA3C4F4127B16EB70027B53E /* RadioButton.swift in Sources */ = {isa = PBXBuildFile; fileRef = DA3C4F4027B16EB70027B53E /* RadioButton.swift */; };
		DA3C4F4327B176BA0027B53E /* DropdownButton.swift in Sources */ = {isa = PBXBuildFile; fileRef = DA3C4F4227B176BA0027B53E /* DropdownButton.swift */; };
		DA3C4F4C27B17D0F0027B53E /* Localizable.stringsdict in Resources */ = {isa = PBXBuildFile; fileRef = DA3C4F4A27B17D0F0027B53E /* Localizable.stringsdict */; };
		DA5110CE27A7F9E50019BD81 /* AppState.swift in Sources */ = {isa = PBXBuildFile; fileRef = DA5110CD27A7F9E50019BD81 /* AppState.swift */; };
		DA5110D027A7FC360019BD81 /* TasksInteractor.swift in Sources */ = {isa = PBXBuildFile; fileRef = DA5110CF27A7FC360019BD81 /* TasksInteractor.swift */; };
		DA520A3527997FA80075D92F /* TaskViewModel.swift in Sources */ = {isa = PBXBuildFile; fileRef = DA520A3427997FA80075D92F /* TaskViewModel.swift */; };
		DA520A49279982450075D92F /* e_Color.swift in Sources */ = {isa = PBXBuildFile; fileRef = DA520A48279982450075D92F /* e_Color.swift */; };
		DA520A4B279984070075D92F /* TaskViewModelFactory.swift in Sources */ = {isa = PBXBuildFile; fileRef = DA520A4A279984070075D92F /* TaskViewModelFactory.swift */; };
		DA520A4F279984430075D92F /* CalendarDay.swift in Sources */ = {isa = PBXBuildFile; fileRef = DA520A4C279984430075D92F /* CalendarDay.swift */; };
		DA520A50279984430075D92F /* RecurrenceRule.swift in Sources */ = {isa = PBXBuildFile; fileRef = DA520A4D279984430075D92F /* RecurrenceRule.swift */; };
		DA520A51279984430075D92F /* RecurrenceFrequency.swift in Sources */ = {isa = PBXBuildFile; fileRef = DA520A4E279984430075D92F /* RecurrenceFrequency.swift */; };
		DA520A572799846F0075D92F /* e_Array.swift in Sources */ = {isa = PBXBuildFile; fileRef = DA520A522799846F0075D92F /* e_Array.swift */; };
		DA520A582799846F0075D92F /* e_Calendar.swift in Sources */ = {isa = PBXBuildFile; fileRef = DA520A532799846F0075D92F /* e_Calendar.swift */; };
		DA520A592799846F0075D92F /* e_Date.swift in Sources */ = {isa = PBXBuildFile; fileRef = DA520A542799846F0075D92F /* e_Date.swift */; };
		DA520A5A2799846F0075D92F /* e_Int.swift in Sources */ = {isa = PBXBuildFile; fileRef = DA520A552799846F0075D92F /* e_Int.swift */; };
		DA520A5B2799846F0075D92F /* e_Date TaskFactory.swift in Sources */ = {isa = PBXBuildFile; fileRef = DA520A562799846F0075D92F /* e_Date TaskFactory.swift */; };
		DA53EF9C279A97B200F03B8B /* TaskDetailView.swift in Sources */ = {isa = PBXBuildFile; fileRef = DA53EF9B279A97B200F03B8B /* TaskDetailView.swift */; };
		DA56245F2799602600878ED1 /* FontsPreview.swift in Sources */ = {isa = PBXBuildFile; fileRef = DA56245E2799602600878ED1 /* FontsPreview.swift */; };
		DA562462279963C800878ED1 /* Task.swift in Sources */ = {isa = PBXBuildFile; fileRef = DA562461279963C800878ED1 /* Task.swift */; };
		DA598C4E27AEEEEB0096CFC7 /* CheckboxButton.swift in Sources */ = {isa = PBXBuildFile; fileRef = DA598C4D27AEEEEB0096CFC7 /* CheckboxButton.swift */; };
		DA6BA4CD2792F212009A30C5 /* ToDoGardenApp.swift in Sources */ = {isa = PBXBuildFile; fileRef = DA6BA4CC2792F212009A30C5 /* ToDoGardenApp.swift */; };
		DA6BA4D12792F215009A30C5 /* Assets.xcassets in Resources */ = {isa = PBXBuildFile; fileRef = DA6BA4D02792F215009A30C5 /* Assets.xcassets */; };
		DA6BA4D42792F215009A30C5 /* Preview Assets.xcassets in Resources */ = {isa = PBXBuildFile; fileRef = DA6BA4D32792F215009A30C5 /* Preview Assets.xcassets */; };
		DA6BA4DB2792F2CC009A30C5 /* MainView.swift in Sources */ = {isa = PBXBuildFile; fileRef = DA6BA4DA2792F2CC009A30C5 /* MainView.swift */; };
		DA6BA4E52792F74F009A30C5 /* TaskListView.swift in Sources */ = {isa = PBXBuildFile; fileRef = DA6BA4E42792F74F009A30C5 /* TaskListView.swift */; };
		DA6BA4E7279415B4009A30C5 /* InventoryView.swift in Sources */ = {isa = PBXBuildFile; fileRef = DA6BA4E6279415B4009A30C5 /* InventoryView.swift */; };
		DA6BA4EA27941762009A30C5 /* QuestsView.swift in Sources */ = {isa = PBXBuildFile; fileRef = DA6BA4E927941762009A30C5 /* QuestsView.swift */; };
		DA6BA4EC2794176F009A30C5 /* SettingsView.swift in Sources */ = {isa = PBXBuildFile; fileRef = DA6BA4EB2794176F009A30C5 /* SettingsView.swift */; };
		DA6BA4EE2794189F009A30C5 /* CalendarHeaderView.swift in Sources */ = {isa = PBXBuildFile; fileRef = DA6BA4ED2794189F009A30C5 /* CalendarHeaderView.swift */; };
		DA6BA4F02794229B009A30C5 /* CalendarView.swift in Sources */ = {isa = PBXBuildFile; fileRef = DA6BA4EF2794229B009A30C5 /* CalendarView.swift */; };
		DA6E7A2B2797FF5F00495D26 /* Localizable.strings in Resources */ = {isa = PBXBuildFile; fileRef = DA6E7A2D2797FF5F00495D26 /* Localizable.strings */; };
		DA6E7A302797FF9800495D26 /* Strings.swift in Sources */ = {isa = PBXBuildFile; fileRef = DA6E7A2F2797FF9800495D26 /* Strings.swift */; };
		DA6E7A332798008400495D26 /* Game.strings in Resources */ = {isa = PBXBuildFile; fileRef = DA6E7A352798008400495D26 /* Game.strings */; };
		DA6E7A38279800C200495D26 /* Strings Game.swift in Sources */ = {isa = PBXBuildFile; fileRef = DA6E7A37279800C200495D26 /* Strings Game.swift */; };
		DA6E7A3B2798038500495D26 /* TaskCell.swift in Sources */ = {isa = PBXBuildFile; fileRef = DA6E7A3A2798038500495D26 /* TaskCell.swift */; };
		DA9BA31427B26578006C46F4 /* DropdownMenu.swift in Sources */ = {isa = PBXBuildFile; fileRef = DA9BA31327B26578006C46F4 /* DropdownMenu.swift */; };
		DAC0991327B7F4D6001DFCD2 /* TaskListContainer.swift in Sources */ = {isa = PBXBuildFile; fileRef = DAC0991227B7F4D6001DFCD2 /* TaskListContainer.swift */; };
		DAC0991527B80326001DFCD2 /* e_Alert.swift in Sources */ = {isa = PBXBuildFile; fileRef = DAC0991427B80326001DFCD2 /* e_Alert.swift */; };
		DAC0991727B8179B001DFCD2 /* TaskCellTopView.swift in Sources */ = {isa = PBXBuildFile; fileRef = DAC0991627B8179B001DFCD2 /* TaskCellTopView.swift */; };
		DAC0991927B819A7001DFCD2 /* ErrorMessage.swift in Sources */ = {isa = PBXBuildFile; fileRef = DAC0991827B819A7001DFCD2 /* ErrorMessage.swift */; };
		DAC0991D27B81FF4001DFCD2 /* TaskListHeader.swift in Sources */ = {isa = PBXBuildFile; fileRef = DAC0991C27B81FF4001DFCD2 /* TaskListHeader.swift */; };
		DAC0991F27B822BB001DFCD2 /* TaskCellBottomView.swift in Sources */ = {isa = PBXBuildFile; fileRef = DAC0991E27B822BB001DFCD2 /* TaskCellBottomView.swift */; };
		DAC0992227B82DF3001DFCD2 /* TasksAPIService.swift in Sources */ = {isa = PBXBuildFile; fileRef = DAC0992127B82DF3001DFCD2 /* TasksAPIService.swift */; };
		DAE1B26A27B6ABEA005520F4 /* TaskListVStack.swift in Sources */ = {isa = PBXBuildFile; fileRef = DAE1B26927B6ABEA005520F4 /* TaskListVStack.swift */; };
/* End PBXBuildFile section */

/* Begin PBXFileReference section */
		DA3C4F3427B127420027B53E /* TaskDetailDateView.swift */ = {isa = PBXFileReference; lastKnownFileType = sourcecode.swift; path = TaskDetailDateView.swift; sourceTree = "<group>"; };
		DA3C4F3627B127530027B53E /* TaskDetailRecurrenceView.swift */ = {isa = PBXFileReference; lastKnownFileType = sourcecode.swift; path = TaskDetailRecurrenceView.swift; sourceTree = "<group>"; };
		DA3C4F3827B1276D0027B53E /* TaskDetailNotesView.swift */ = {isa = PBXFileReference; lastKnownFileType = sourcecode.swift; path = TaskDetailNotesView.swift; sourceTree = "<group>"; };
		DA3C4F3A27B127800027B53E /* TaskDetailNotificationView.swift */ = {isa = PBXFileReference; lastKnownFileType = sourcecode.swift; path = TaskDetailNotificationView.swift; sourceTree = "<group>"; };
		DA3C4F3C27B1278B0027B53E /* TaskDetailColorView.swift */ = {isa = PBXFileReference; lastKnownFileType = sourcecode.swift; path = TaskDetailColorView.swift; sourceTree = "<group>"; };
		DA3C4F3E27B14B140027B53E /* TaskListDateView.swift */ = {isa = PBXFileReference; lastKnownFileType = sourcecode.swift; path = TaskListDateView.swift; sourceTree = "<group>"; };
		DA3C4F4027B16EB70027B53E /* RadioButton.swift */ = {isa = PBXFileReference; lastKnownFileType = sourcecode.swift; path = RadioButton.swift; sourceTree = "<group>"; };
		DA3C4F4227B176BA0027B53E /* DropdownButton.swift */ = {isa = PBXFileReference; lastKnownFileType = sourcecode.swift; path = DropdownButton.swift; sourceTree = "<group>"; };
		DA3C4F4B27B17D0F0027B53E /* en */ = {isa = PBXFileReference; lastKnownFileType = text.plist.stringsdict; name = en; path = en.lproj/Localizable.stringsdict; sourceTree = "<group>"; };
		DA3C4F4D27B17D1A0027B53E /* ru */ = {isa = PBXFileReference; lastKnownFileType = text.plist.stringsdict; name = ru; path = ru.lproj/Localizable.stringsdict; sourceTree = "<group>"; };
		DA5110CD27A7F9E50019BD81 /* AppState.swift */ = {isa = PBXFileReference; lastKnownFileType = sourcecode.swift; path = AppState.swift; sourceTree = "<group>"; };
		DA5110CF27A7FC360019BD81 /* TasksInteractor.swift */ = {isa = PBXFileReference; lastKnownFileType = sourcecode.swift; path = TasksInteractor.swift; sourceTree = "<group>"; };
		DA520A3427997FA80075D92F /* TaskViewModel.swift */ = {isa = PBXFileReference; lastKnownFileType = sourcecode.swift; path = TaskViewModel.swift; sourceTree = "<group>"; };
		DA520A48279982450075D92F /* e_Color.swift */ = {isa = PBXFileReference; lastKnownFileType = sourcecode.swift; path = e_Color.swift; sourceTree = "<group>"; };
		DA520A4A279984070075D92F /* TaskViewModelFactory.swift */ = {isa = PBXFileReference; fileEncoding = 4; lastKnownFileType = sourcecode.swift; path = TaskViewModelFactory.swift; sourceTree = "<group>"; };
		DA520A4C279984430075D92F /* CalendarDay.swift */ = {isa = PBXFileReference; fileEncoding = 4; lastKnownFileType = sourcecode.swift; path = CalendarDay.swift; sourceTree = "<group>"; };
		DA520A4D279984430075D92F /* RecurrenceRule.swift */ = {isa = PBXFileReference; fileEncoding = 4; lastKnownFileType = sourcecode.swift; path = RecurrenceRule.swift; sourceTree = "<group>"; };
		DA520A4E279984430075D92F /* RecurrenceFrequency.swift */ = {isa = PBXFileReference; fileEncoding = 4; lastKnownFileType = sourcecode.swift; path = RecurrenceFrequency.swift; sourceTree = "<group>"; };
		DA520A522799846F0075D92F /* e_Array.swift */ = {isa = PBXFileReference; fileEncoding = 4; lastKnownFileType = sourcecode.swift; path = e_Array.swift; sourceTree = "<group>"; };
		DA520A532799846F0075D92F /* e_Calendar.swift */ = {isa = PBXFileReference; fileEncoding = 4; lastKnownFileType = sourcecode.swift; path = e_Calendar.swift; sourceTree = "<group>"; };
		DA520A542799846F0075D92F /* e_Date.swift */ = {isa = PBXFileReference; fileEncoding = 4; lastKnownFileType = sourcecode.swift; path = e_Date.swift; sourceTree = "<group>"; };
		DA520A552799846F0075D92F /* e_Int.swift */ = {isa = PBXFileReference; fileEncoding = 4; lastKnownFileType = sourcecode.swift; path = e_Int.swift; sourceTree = "<group>"; };
		DA520A562799846F0075D92F /* e_Date TaskFactory.swift */ = {isa = PBXFileReference; fileEncoding = 4; lastKnownFileType = sourcecode.swift; path = "e_Date TaskFactory.swift"; sourceTree = "<group>"; };
		DA53EF9B279A97B200F03B8B /* TaskDetailView.swift */ = {isa = PBXFileReference; lastKnownFileType = sourcecode.swift; path = TaskDetailView.swift; sourceTree = "<group>"; };
		DA56245E2799602600878ED1 /* FontsPreview.swift */ = {isa = PBXFileReference; lastKnownFileType = sourcecode.swift; path = FontsPreview.swift; sourceTree = "<group>"; };
		DA562461279963C800878ED1 /* Task.swift */ = {isa = PBXFileReference; lastKnownFileType = sourcecode.swift; path = Task.swift; sourceTree = "<group>"; };
		DA598C4D27AEEEEB0096CFC7 /* CheckboxButton.swift */ = {isa = PBXFileReference; lastKnownFileType = sourcecode.swift; path = CheckboxButton.swift; sourceTree = "<group>"; };
		DA6BA4C92792F212009A30C5 /* ToDoGarden.app */ = {isa = PBXFileReference; explicitFileType = wrapper.application; includeInIndex = 0; path = ToDoGarden.app; sourceTree = BUILT_PRODUCTS_DIR; };
		DA6BA4CC2792F212009A30C5 /* ToDoGardenApp.swift */ = {isa = PBXFileReference; lastKnownFileType = sourcecode.swift; path = ToDoGardenApp.swift; sourceTree = "<group>"; };
		DA6BA4D02792F215009A30C5 /* Assets.xcassets */ = {isa = PBXFileReference; lastKnownFileType = folder.assetcatalog; path = Assets.xcassets; sourceTree = "<group>"; };
		DA6BA4D32792F215009A30C5 /* Preview Assets.xcassets */ = {isa = PBXFileReference; lastKnownFileType = folder.assetcatalog; path = "Preview Assets.xcassets"; sourceTree = "<group>"; };
		DA6BA4DA2792F2CC009A30C5 /* MainView.swift */ = {isa = PBXFileReference; lastKnownFileType = sourcecode.swift; path = MainView.swift; sourceTree = "<group>"; };
		DA6BA4E42792F74F009A30C5 /* TaskListView.swift */ = {isa = PBXFileReference; lastKnownFileType = sourcecode.swift; path = TaskListView.swift; sourceTree = "<group>"; };
		DA6BA4E6279415B4009A30C5 /* InventoryView.swift */ = {isa = PBXFileReference; lastKnownFileType = sourcecode.swift; path = InventoryView.swift; sourceTree = "<group>"; };
		DA6BA4E927941762009A30C5 /* QuestsView.swift */ = {isa = PBXFileReference; lastKnownFileType = sourcecode.swift; path = QuestsView.swift; sourceTree = "<group>"; };
		DA6BA4EB2794176F009A30C5 /* SettingsView.swift */ = {isa = PBXFileReference; lastKnownFileType = sourcecode.swift; path = SettingsView.swift; sourceTree = "<group>"; };
		DA6BA4ED2794189F009A30C5 /* CalendarHeaderView.swift */ = {isa = PBXFileReference; lastKnownFileType = sourcecode.swift; path = CalendarHeaderView.swift; sourceTree = "<group>"; };
		DA6BA4EF2794229B009A30C5 /* CalendarView.swift */ = {isa = PBXFileReference; lastKnownFileType = sourcecode.swift; path = CalendarView.swift; sourceTree = "<group>"; };
		DA6E7A2C2797FF5F00495D26 /* en */ = {isa = PBXFileReference; lastKnownFileType = text.plist.strings; name = en; path = en.lproj/Localizable.strings; sourceTree = "<group>"; };
		DA6E7A2E2797FF6200495D26 /* ru */ = {isa = PBXFileReference; lastKnownFileType = text.plist.strings; name = ru; path = ru.lproj/Localizable.strings; sourceTree = "<group>"; };
		DA6E7A2F2797FF9800495D26 /* Strings.swift */ = {isa = PBXFileReference; lastKnownFileType = sourcecode.swift; path = Strings.swift; sourceTree = "<group>"; };
		DA6E7A342798008400495D26 /* en */ = {isa = PBXFileReference; lastKnownFileType = text.plist.strings; name = en; path = en.lproj/Game.strings; sourceTree = "<group>"; };
		DA6E7A362798008600495D26 /* ru */ = {isa = PBXFileReference; lastKnownFileType = text.plist.strings; name = ru; path = ru.lproj/Game.strings; sourceTree = "<group>"; };
		DA6E7A37279800C200495D26 /* Strings Game.swift */ = {isa = PBXFileReference; lastKnownFileType = sourcecode.swift; path = "Strings Game.swift"; sourceTree = "<group>"; };
		DA6E7A3A2798038500495D26 /* TaskCell.swift */ = {isa = PBXFileReference; lastKnownFileType = sourcecode.swift; path = TaskCell.swift; sourceTree = "<group>"; };
		DA9BA31327B26578006C46F4 /* DropdownMenu.swift */ = {isa = PBXFileReference; lastKnownFileType = sourcecode.swift; path = DropdownMenu.swift; sourceTree = "<group>"; };
		DAC0991227B7F4D6001DFCD2 /* TaskListContainer.swift */ = {isa = PBXFileReference; lastKnownFileType = sourcecode.swift; path = TaskListContainer.swift; sourceTree = "<group>"; };
		DAC0991427B80326001DFCD2 /* e_Alert.swift */ = {isa = PBXFileReference; lastKnownFileType = sourcecode.swift; path = e_Alert.swift; sourceTree = "<group>"; };
		DAC0991627B8179B001DFCD2 /* TaskCellTopView.swift */ = {isa = PBXFileReference; lastKnownFileType = sourcecode.swift; path = TaskCellTopView.swift; sourceTree = "<group>"; };
		DAC0991827B819A7001DFCD2 /* ErrorMessage.swift */ = {isa = PBXFileReference; lastKnownFileType = sourcecode.swift; path = ErrorMessage.swift; sourceTree = "<group>"; };
		DAC0991C27B81FF4001DFCD2 /* TaskListHeader.swift */ = {isa = PBXFileReference; lastKnownFileType = sourcecode.swift; path = TaskListHeader.swift; sourceTree = "<group>"; };
		DAC0991E27B822BB001DFCD2 /* TaskCellBottomView.swift */ = {isa = PBXFileReference; lastKnownFileType = sourcecode.swift; path = TaskCellBottomView.swift; sourceTree = "<group>"; };
		DAC0992127B82DF3001DFCD2 /* TasksAPIService.swift */ = {isa = PBXFileReference; lastKnownFileType = sourcecode.swift; path = TasksAPIService.swift; sourceTree = "<group>"; };
		DAE1B26927B6ABEA005520F4 /* TaskListVStack.swift */ = {isa = PBXFileReference; lastKnownFileType = sourcecode.swift; path = TaskListVStack.swift; sourceTree = "<group>"; };
/* End PBXFileReference section */

/* Begin PBXFrameworksBuildPhase section */
		DA6BA4C62792F212009A30C5 /* Frameworks */ = {
			isa = PBXFrameworksBuildPhase;
			buildActionMask = 2147483647;
			files = (
			);
			runOnlyForDeploymentPostprocessing = 0;
		};
/* End PBXFrameworksBuildPhase section */

/* Begin PBXGroup section */
		DA562460279963B100878ED1 /* Model */ = {
			isa = PBXGroup;
			children = (
				DA562461279963C800878ED1 /* Task.swift */,
				DA520A3427997FA80075D92F /* TaskViewModel.swift */,
				DA520A4A279984070075D92F /* TaskViewModelFactory.swift */,
				DA520A4C279984430075D92F /* CalendarDay.swift */,
				DA520A4E279984430075D92F /* RecurrenceFrequency.swift */,
				DA520A4D279984430075D92F /* RecurrenceRule.swift */,
			);
			path = Model;
			sourceTree = "<group>";
		};
		DA598C4C27AEEE910096CFC7 /* Reusable Views */ = {
			isa = PBXGroup;
			children = (
				DAC0991827B819A7001DFCD2 /* ErrorMessage.swift */,
				DA598C4D27AEEEEB0096CFC7 /* CheckboxButton.swift */,
				DA3C4F4027B16EB70027B53E /* RadioButton.swift */,
				DA3C4F4227B176BA0027B53E /* DropdownButton.swift */,
				DA9BA31327B26578006C46F4 /* DropdownMenu.swift */,
			);
			path = "Reusable Views";
			sourceTree = "<group>";
		};
		DA6BA4C02792F212009A30C5 = {
			isa = PBXGroup;
			children = (
				DA6BA4CB2792F212009A30C5 /* ToDoGarden */,
				DA6BA4CA2792F212009A30C5 /* Products */,
			);
			sourceTree = "<group>";
		};
		DA6BA4CA2792F212009A30C5 /* Products */ = {
			isa = PBXGroup;
			children = (
				DA6BA4C92792F212009A30C5 /* ToDoGarden.app */,
			);
			name = Products;
			sourceTree = "<group>";
		};
		DA6BA4CB2792F212009A30C5 /* ToDoGarden */ = {
			isa = PBXGroup;
			children = (
				DA6BA4CC2792F212009A30C5 /* ToDoGardenApp.swift */,
				DA6BA4DA2792F2CC009A30C5 /* MainView.swift */,
				DA5110CD27A7F9E50019BD81 /* AppState.swift */,
				DA598C4C27AEEE910096CFC7 /* Reusable Views */,
				DAC0992027B82DD2001DFCD2 /* API Services */,
				DA6BA4DC2792F6C0009A30C5 /* Tasks */,
				DA6BA4DE2792F6D3009A30C5 /* Inventory */,
				DA6BA4E02792F6EA009A30C5 /* Quests */,
				DA6BA4E22792F71A009A30C5 /* Settings */,
				DA562460279963B100878ED1 /* Model */,
				DA6E7A392798010400495D26 /* Strings */,
				DA6E7A3C2798051900495D26 /* Extensions */,
				DA6BA4D02792F215009A30C5 /* Assets.xcassets */,
				DA56245E2799602600878ED1 /* FontsPreview.swift */,
				DA6BA4D22792F215009A30C5 /* Preview Content */,
			);
			path = ToDoGarden;
			sourceTree = "<group>";
		};
		DA6BA4D22792F215009A30C5 /* Preview Content */ = {
			isa = PBXGroup;
			children = (
				DA6BA4D32792F215009A30C5 /* Preview Assets.xcassets */,
			);
			path = "Preview Content";
			sourceTree = "<group>";
		};
		DA6BA4DC2792F6C0009A30C5 /* Tasks */ = {
			isa = PBXGroup;
			children = (
				DA5110CF27A7FC360019BD81 /* TasksInteractor.swift */,
				DA6BA4DD2792F6C8009A30C5 /* Subviews */,
				DA6BA4E42792F74F009A30C5 /* TaskListView.swift */,
				DA53EF9B279A97B200F03B8B /* TaskDetailView.swift */,
			);
			path = Tasks;
			sourceTree = "<group>";
		};
		DA6BA4DD2792F6C8009A30C5 /* Subviews */ = {
			isa = PBXGroup;
			children = (
				DA6BA4ED2794189F009A30C5 /* CalendarHeaderView.swift */,
				DA6BA4EF2794229B009A30C5 /* CalendarView.swift */,
				DA3C4F3E27B14B140027B53E /* TaskListDateView.swift */,
				DAC0991C27B81FF4001DFCD2 /* TaskListHeader.swift */,
				DAC0991227B7F4D6001DFCD2 /* TaskListContainer.swift */,
				DAE1B26927B6ABEA005520F4 /* TaskListVStack.swift */,
				DA6E7A3A2798038500495D26 /* TaskCell.swift */,
				DAC0991627B8179B001DFCD2 /* TaskCellTopView.swift */,
				DAC0991E27B822BB001DFCD2 /* TaskCellBottomView.swift */,
				DA3C4F3427B127420027B53E /* TaskDetailDateView.swift */,
				DA3C4F3627B127530027B53E /* TaskDetailRecurrenceView.swift */,
				DA3C4F3A27B127800027B53E /* TaskDetailNotificationView.swift */,
				DA3C4F3C27B1278B0027B53E /* TaskDetailColorView.swift */,
				DA3C4F3827B1276D0027B53E /* TaskDetailNotesView.swift */,
			);
			path = Subviews;
			sourceTree = "<group>";
		};
		DA6BA4DE2792F6D3009A30C5 /* Inventory */ = {
			isa = PBXGroup;
			children = (
				DA6BA4DF2792F6DE009A30C5 /* Subviews */,
				DA6BA4E6279415B4009A30C5 /* InventoryView.swift */,
			);
			path = Inventory;
			sourceTree = "<group>";
		};
		DA6BA4DF2792F6DE009A30C5 /* Subviews */ = {
			isa = PBXGroup;
			children = (
			);
			path = Subviews;
			sourceTree = "<group>";
		};
		DA6BA4E02792F6EA009A30C5 /* Quests */ = {
			isa = PBXGroup;
			children = (
				DA6BA4E12792F701009A30C5 /* Subviews */,
				DA6BA4E927941762009A30C5 /* QuestsView.swift */,
			);
			path = Quests;
			sourceTree = "<group>";
		};
		DA6BA4E12792F701009A30C5 /* Subviews */ = {
			isa = PBXGroup;
			children = (
			);
			path = Subviews;
			sourceTree = "<group>";
		};
		DA6BA4E22792F71A009A30C5 /* Settings */ = {
			isa = PBXGroup;
			children = (
				DA6BA4E32792F721009A30C5 /* Subviews */,
				DA6BA4EB2794176F009A30C5 /* SettingsView.swift */,
			);
			path = Settings;
			sourceTree = "<group>";
		};
		DA6BA4E32792F721009A30C5 /* Subviews */ = {
			isa = PBXGroup;
			children = (
			);
			path = Subviews;
			sourceTree = "<group>";
		};
		DA6E7A392798010400495D26 /* Strings */ = {
			isa = PBXGroup;
			children = (
				DA6E7A2F2797FF9800495D26 /* Strings.swift */,
				DA6E7A2D2797FF5F00495D26 /* Localizable.strings */,
				DA3C4F4A27B17D0F0027B53E /* Localizable.stringsdict */,
				DA6E7A37279800C200495D26 /* Strings Game.swift */,
				DA6E7A352798008400495D26 /* Game.strings */,
			);
			path = Strings;
			sourceTree = "<group>";
		};
		DA6E7A3C2798051900495D26 /* Extensions */ = {
			isa = PBXGroup;
			children = (
				DA520A48279982450075D92F /* e_Color.swift */,
				DAC0991427B80326001DFCD2 /* e_Alert.swift */,
				DA520A522799846F0075D92F /* e_Array.swift */,
				DA520A532799846F0075D92F /* e_Calendar.swift */,
				DA520A542799846F0075D92F /* e_Date.swift */,
				DA520A562799846F0075D92F /* e_Date TaskFactory.swift */,
				DA520A552799846F0075D92F /* e_Int.swift */,
			);
			path = Extensions;
			sourceTree = "<group>";
		};
		DAC0992027B82DD2001DFCD2 /* API Services */ = {
			isa = PBXGroup;
			children = (
				DAC0992127B82DF3001DFCD2 /* TasksAPIService.swift */,
			);
			path = "API Services";
			sourceTree = "<group>";
		};
/* End PBXGroup section */

/* Begin PBXNativeTarget section */
		DA6BA4C82792F212009A30C5 /* ToDoGarden */ = {
			isa = PBXNativeTarget;
			buildConfigurationList = DA6BA4D72792F215009A30C5 /* Build configuration list for PBXNativeTarget "ToDoGarden" */;
			buildPhases = (
				DA6BA4C52792F212009A30C5 /* Sources */,
				DA6BA4C62792F212009A30C5 /* Frameworks */,
				DA6BA4C72792F212009A30C5 /* Resources */,
			);
			buildRules = (
			);
			dependencies = (
			);
			name = ToDoGarden;
			productName = ToDoGarden;
			productReference = DA6BA4C92792F212009A30C5 /* ToDoGarden.app */;
			productType = "com.apple.product-type.application";
		};
/* End PBXNativeTarget section */

/* Begin PBXProject section */
		DA6BA4C12792F212009A30C5 /* Project object */ = {
			isa = PBXProject;
			attributes = {
				BuildIndependentTargetsInParallel = 1;
				LastSwiftUpdateCheck = 1300;
				LastUpgradeCheck = 1300;
				TargetAttributes = {
					DA6BA4C82792F212009A30C5 = {
						CreatedOnToolsVersion = 13.0;
					};
				};
			};
			buildConfigurationList = DA6BA4C42792F212009A30C5 /* Build configuration list for PBXProject "ToDoGarden" */;
			compatibilityVersion = "Xcode 13.0";
			developmentRegion = en;
			hasScannedForEncodings = 0;
			knownRegions = (
				en,
				Base,
				ru,
			);
			mainGroup = DA6BA4C02792F212009A30C5;
			productRefGroup = DA6BA4CA2792F212009A30C5 /* Products */;
			projectDirPath = "";
			projectRoot = "";
			targets = (
				DA6BA4C82792F212009A30C5 /* ToDoGarden */,
			);
		};
/* End PBXProject section */

/* Begin PBXResourcesBuildPhase section */
		DA6BA4C72792F212009A30C5 /* Resources */ = {
			isa = PBXResourcesBuildPhase;
			buildActionMask = 2147483647;
			files = (
				DA6BA4D42792F215009A30C5 /* Preview Assets.xcassets in Resources */,
				DA6E7A2B2797FF5F00495D26 /* Localizable.strings in Resources */,
				DA6E7A332798008400495D26 /* Game.strings in Resources */,
				DA3C4F4C27B17D0F0027B53E /* Localizable.stringsdict in Resources */,
				DA6BA4D12792F215009A30C5 /* Assets.xcassets in Resources */,
			);
			runOnlyForDeploymentPostprocessing = 0;
		};
/* End PBXResourcesBuildPhase section */

/* Begin PBXSourcesBuildPhase section */
		DA6BA4C52792F212009A30C5 /* Sources */ = {
			isa = PBXSourcesBuildPhase;
			buildActionMask = 2147483647;
			files = (
				DA53EF9C279A97B200F03B8B /* TaskDetailView.swift in Sources */,
				DAC0991727B8179B001DFCD2 /* TaskCellTopView.swift in Sources */,
				DA3C4F3527B127420027B53E /* TaskDetailDateView.swift in Sources */,
				DA56245F2799602600878ED1 /* FontsPreview.swift in Sources */,
				DA6BA4EC2794176F009A30C5 /* SettingsView.swift in Sources */,
				DAC0991527B80326001DFCD2 /* e_Alert.swift in Sources */,
				DA5110CE27A7F9E50019BD81 /* AppState.swift in Sources */,
				DA3C4F3F27B14B140027B53E /* TaskListDateView.swift in Sources */,
				DAC0991327B7F4D6001DFCD2 /* TaskListContainer.swift in Sources */,
				DA3C4F3D27B1278B0027B53E /* TaskDetailColorView.swift in Sources */,
				DA3C4F3927B1276D0027B53E /* TaskDetailNotesView.swift in Sources */,
				DAC0992227B82DF3001DFCD2 /* TasksAPIService.swift in Sources */,
				DA3C4F3B27B127800027B53E /* TaskDetailNotificationView.swift in Sources */,
				DA6E7A302797FF9800495D26 /* Strings.swift in Sources */,
				DA3C4F3727B127530027B53E /* TaskDetailRecurrenceView.swift in Sources */,
				DA520A592799846F0075D92F /* e_Date.swift in Sources */,
				DA6BA4EE2794189F009A30C5 /* CalendarHeaderView.swift in Sources */,
				DA6E7A3B2798038500495D26 /* TaskCell.swift in Sources */,
				DA6BA4E7279415B4009A30C5 /* InventoryView.swift in Sources */,
				DA520A572799846F0075D92F /* e_Array.swift in Sources */,
				DA520A50279984430075D92F /* RecurrenceRule.swift in Sources */,
				DA6BA4DB2792F2CC009A30C5 /* MainView.swift in Sources */,
				DA520A4F279984430075D92F /* CalendarDay.swift in Sources */,
				DAC0991927B819A7001DFCD2 /* ErrorMessage.swift in Sources */,
				DA6BA4F02794229B009A30C5 /* CalendarView.swift in Sources */,
				DA3C4F4327B176BA0027B53E /* DropdownButton.swift in Sources */,
				DA520A5A2799846F0075D92F /* e_Int.swift in Sources */,
				DAE1B26A27B6ABEA005520F4 /* TaskListVStack.swift in Sources */,
				DA9BA31427B26578006C46F4 /* DropdownMenu.swift in Sources */,
				DA6BA4EA27941762009A30C5 /* QuestsView.swift in Sources */,
				DA3C4F4127B16EB70027B53E /* RadioButton.swift in Sources */,
				DA5110D027A7FC360019BD81 /* TasksInteractor.swift in Sources */,
				DA520A582799846F0075D92F /* e_Calendar.swift in Sources */,
				DA6E7A38279800C200495D26 /* Strings Game.swift in Sources */,
				DA520A49279982450075D92F /* e_Color.swift in Sources */,
				DA6BA4CD2792F212009A30C5 /* ToDoGardenApp.swift in Sources */,
				DA520A4B279984070075D92F /* TaskViewModelFactory.swift in Sources */,
				DA598C4E27AEEEEB0096CFC7 /* CheckboxButton.swift in Sources */,
				DA520A51279984430075D92F /* RecurrenceFrequency.swift in Sources */,
				DA562462279963C800878ED1 /* Task.swift in Sources */,
				DA520A3527997FA80075D92F /* TaskViewModel.swift in Sources */,
				DA6BA4E52792F74F009A30C5 /* TaskListView.swift in Sources */,
				DA520A5B2799846F0075D92F /* e_Date TaskFactory.swift in Sources */,
				DAC0991F27B822BB001DFCD2 /* TaskCellBottomView.swift in Sources */,
				DAC0991D27B81FF4001DFCD2 /* TaskListHeader.swift in Sources */,
			);
			runOnlyForDeploymentPostprocessing = 0;
		};
/* End PBXSourcesBuildPhase section */

/* Begin PBXVariantGroup section */
		DA3C4F4A27B17D0F0027B53E /* Localizable.stringsdict */ = {
			isa = PBXVariantGroup;
			children = (
				DA3C4F4B27B17D0F0027B53E /* en */,
				DA3C4F4D27B17D1A0027B53E /* ru */,
			);
			name = Localizable.stringsdict;
			sourceTree = "<group>";
		};
		DA6E7A2D2797FF5F00495D26 /* Localizable.strings */ = {
			isa = PBXVariantGroup;
			children = (
				DA6E7A2C2797FF5F00495D26 /* en */,
				DA6E7A2E2797FF6200495D26 /* ru */,
			);
			name = Localizable.strings;
			sourceTree = "<group>";
		};
		DA6E7A352798008400495D26 /* Game.strings */ = {
			isa = PBXVariantGroup;
			children = (
				DA6E7A342798008400495D26 /* en */,
				DA6E7A362798008600495D26 /* ru */,
			);
			name = Game.strings;
			sourceTree = "<group>";
		};
/* End PBXVariantGroup section */

/* Begin XCBuildConfiguration section */
		DA6BA4D52792F215009A30C5 /* Debug */ = {
			isa = XCBuildConfiguration;
			buildSettings = {
				ALWAYS_SEARCH_USER_PATHS = NO;
				CLANG_ANALYZER_NONNULL = YES;
				CLANG_ANALYZER_NUMBER_OBJECT_CONVERSION = YES_AGGRESSIVE;
				CLANG_CXX_LANGUAGE_STANDARD = "gnu++17";
				CLANG_CXX_LIBRARY = "libc++";
				CLANG_ENABLE_MODULES = YES;
				CLANG_ENABLE_OBJC_ARC = YES;
				CLANG_ENABLE_OBJC_WEAK = YES;
				CLANG_WARN_BLOCK_CAPTURE_AUTORELEASING = YES;
				CLANG_WARN_BOOL_CONVERSION = YES;
				CLANG_WARN_COMMA = YES;
				CLANG_WARN_CONSTANT_CONVERSION = YES;
				CLANG_WARN_DEPRECATED_OBJC_IMPLEMENTATIONS = YES;
				CLANG_WARN_DIRECT_OBJC_ISA_USAGE = YES_ERROR;
				CLANG_WARN_DOCUMENTATION_COMMENTS = YES;
				CLANG_WARN_EMPTY_BODY = YES;
				CLANG_WARN_ENUM_CONVERSION = YES;
				CLANG_WARN_INFINITE_RECURSION = YES;
				CLANG_WARN_INT_CONVERSION = YES;
				CLANG_WARN_NON_LITERAL_NULL_CONVERSION = YES;
				CLANG_WARN_OBJC_IMPLICIT_RETAIN_SELF = YES;
				CLANG_WARN_OBJC_LITERAL_CONVERSION = YES;
				CLANG_WARN_OBJC_ROOT_CLASS = YES_ERROR;
				CLANG_WARN_QUOTED_INCLUDE_IN_FRAMEWORK_HEADER = YES;
				CLANG_WARN_RANGE_LOOP_ANALYSIS = YES;
				CLANG_WARN_STRICT_PROTOTYPES = YES;
				CLANG_WARN_SUSPICIOUS_MOVE = YES;
				CLANG_WARN_UNGUARDED_AVAILABILITY = YES_AGGRESSIVE;
				CLANG_WARN_UNREACHABLE_CODE = YES;
				CLANG_WARN__DUPLICATE_METHOD_MATCH = YES;
				COPY_PHASE_STRIP = NO;
				DEBUG_INFORMATION_FORMAT = dwarf;
				ENABLE_STRICT_OBJC_MSGSEND = YES;
				ENABLE_TESTABILITY = YES;
				GCC_C_LANGUAGE_STANDARD = gnu11;
				GCC_DYNAMIC_NO_PIC = NO;
				GCC_NO_COMMON_BLOCKS = YES;
				GCC_OPTIMIZATION_LEVEL = 0;
				GCC_PREPROCESSOR_DEFINITIONS = (
					"DEBUG=1",
					"$(inherited)",
				);
				GCC_WARN_64_TO_32_BIT_CONVERSION = YES;
				GCC_WARN_ABOUT_RETURN_TYPE = YES_ERROR;
				GCC_WARN_UNDECLARED_SELECTOR = YES;
				GCC_WARN_UNINITIALIZED_AUTOS = YES_AGGRESSIVE;
				GCC_WARN_UNUSED_FUNCTION = YES;
				GCC_WARN_UNUSED_VARIABLE = YES;
				IPHONEOS_DEPLOYMENT_TARGET = 15.0;
				MTL_ENABLE_DEBUG_INFO = INCLUDE_SOURCE;
				MTL_FAST_MATH = YES;
				ONLY_ACTIVE_ARCH = YES;
				SDKROOT = iphoneos;
				SWIFT_ACTIVE_COMPILATION_CONDITIONS = DEBUG;
				SWIFT_OPTIMIZATION_LEVEL = "-Onone";
			};
			name = Debug;
		};
		DA6BA4D62792F215009A30C5 /* Release */ = {
			isa = XCBuildConfiguration;
			buildSettings = {
				ALWAYS_SEARCH_USER_PATHS = NO;
				CLANG_ANALYZER_NONNULL = YES;
				CLANG_ANALYZER_NUMBER_OBJECT_CONVERSION = YES_AGGRESSIVE;
				CLANG_CXX_LANGUAGE_STANDARD = "gnu++17";
				CLANG_CXX_LIBRARY = "libc++";
				CLANG_ENABLE_MODULES = YES;
				CLANG_ENABLE_OBJC_ARC = YES;
				CLANG_ENABLE_OBJC_WEAK = YES;
				CLANG_WARN_BLOCK_CAPTURE_AUTORELEASING = YES;
				CLANG_WARN_BOOL_CONVERSION = YES;
				CLANG_WARN_COMMA = YES;
				CLANG_WARN_CONSTANT_CONVERSION = YES;
				CLANG_WARN_DEPRECATED_OBJC_IMPLEMENTATIONS = YES;
				CLANG_WARN_DIRECT_OBJC_ISA_USAGE = YES_ERROR;
				CLANG_WARN_DOCUMENTATION_COMMENTS = YES;
				CLANG_WARN_EMPTY_BODY = YES;
				CLANG_WARN_ENUM_CONVERSION = YES;
				CLANG_WARN_INFINITE_RECURSION = YES;
				CLANG_WARN_INT_CONVERSION = YES;
				CLANG_WARN_NON_LITERAL_NULL_CONVERSION = YES;
				CLANG_WARN_OBJC_IMPLICIT_RETAIN_SELF = YES;
				CLANG_WARN_OBJC_LITERAL_CONVERSION = YES;
				CLANG_WARN_OBJC_ROOT_CLASS = YES_ERROR;
				CLANG_WARN_QUOTED_INCLUDE_IN_FRAMEWORK_HEADER = YES;
				CLANG_WARN_RANGE_LOOP_ANALYSIS = YES;
				CLANG_WARN_STRICT_PROTOTYPES = YES;
				CLANG_WARN_SUSPICIOUS_MOVE = YES;
				CLANG_WARN_UNGUARDED_AVAILABILITY = YES_AGGRESSIVE;
				CLANG_WARN_UNREACHABLE_CODE = YES;
				CLANG_WARN__DUPLICATE_METHOD_MATCH = YES;
				COPY_PHASE_STRIP = NO;
				DEBUG_INFORMATION_FORMAT = "dwarf-with-dsym";
				ENABLE_NS_ASSERTIONS = NO;
				ENABLE_STRICT_OBJC_MSGSEND = YES;
				GCC_C_LANGUAGE_STANDARD = gnu11;
				GCC_NO_COMMON_BLOCKS = YES;
				GCC_WARN_64_TO_32_BIT_CONVERSION = YES;
				GCC_WARN_ABOUT_RETURN_TYPE = YES_ERROR;
				GCC_WARN_UNDECLARED_SELECTOR = YES;
				GCC_WARN_UNINITIALIZED_AUTOS = YES_AGGRESSIVE;
				GCC_WARN_UNUSED_FUNCTION = YES;
				GCC_WARN_UNUSED_VARIABLE = YES;
				IPHONEOS_DEPLOYMENT_TARGET = 15.0;
				MTL_ENABLE_DEBUG_INFO = NO;
				MTL_FAST_MATH = YES;
				SDKROOT = iphoneos;
				SWIFT_COMPILATION_MODE = wholemodule;
				SWIFT_OPTIMIZATION_LEVEL = "-O";
				VALIDATE_PRODUCT = YES;
			};
			name = Release;
		};
		DA6BA4D82792F215009A30C5 /* Debug */ = {
			isa = XCBuildConfiguration;
			buildSettings = {
				ASSETCATALOG_COMPILER_APPICON_NAME = AppIcon;
				ASSETCATALOG_COMPILER_GLOBAL_ACCENT_COLOR_NAME = AccentColor;
				CODE_SIGN_STYLE = Automatic;
				CURRENT_PROJECT_VERSION = 1;
				DEVELOPMENT_ASSET_PATHS = "\"ToDoGarden/Preview Content\"";
				DEVELOPMENT_TEAM = 9B6XMQ42ZT;
				ENABLE_PREVIEWS = YES;
				GENERATE_INFOPLIST_FILE = YES;
				INFOPLIST_KEY_UIApplicationSceneManifest_Generation = YES;
				INFOPLIST_KEY_UIApplicationSupportsIndirectInputEvents = YES;
				INFOPLIST_KEY_UILaunchScreen_Generation = YES;
				INFOPLIST_KEY_UISupportedInterfaceOrientations_iPad = "UIInterfaceOrientationPortrait UIInterfaceOrientationPortraitUpsideDown UIInterfaceOrientationLandscapeLeft UIInterfaceOrientationLandscapeRight";
				INFOPLIST_KEY_UISupportedInterfaceOrientations_iPhone = "UIInterfaceOrientationPortrait UIInterfaceOrientationLandscapeLeft UIInterfaceOrientationLandscapeRight";
				IPHONEOS_DEPLOYMENT_TARGET = 14.0;
				LD_RUNPATH_SEARCH_PATHS = (
					"$(inherited)",
					"@executable_path/Frameworks",
				);
				MARKETING_VERSION = 1.0;
				PRODUCT_BUNDLE_IDENTIFIER = DariaSe.ToDoGarden;
				PRODUCT_NAME = "$(TARGET_NAME)";
				SWIFT_EMIT_LOC_STRINGS = YES;
				SWIFT_VERSION = 5.0;
				TARGETED_DEVICE_FAMILY = "1,2";
			};
			name = Debug;
		};
		DA6BA4D92792F215009A30C5 /* Release */ = {
			isa = XCBuildConfiguration;
			buildSettings = {
				ASSETCATALOG_COMPILER_APPICON_NAME = AppIcon;
				ASSETCATALOG_COMPILER_GLOBAL_ACCENT_COLOR_NAME = AccentColor;
				CODE_SIGN_STYLE = Automatic;
				CURRENT_PROJECT_VERSION = 1;
				DEVELOPMENT_ASSET_PATHS = "\"ToDoGarden/Preview Content\"";
				DEVELOPMENT_TEAM = 9B6XMQ42ZT;
				ENABLE_PREVIEWS = YES;
				GENERATE_INFOPLIST_FILE = YES;
				INFOPLIST_KEY_UIApplicationSceneManifest_Generation = YES;
				INFOPLIST_KEY_UIApplicationSupportsIndirectInputEvents = YES;
				INFOPLIST_KEY_UILaunchScreen_Generation = YES;
				INFOPLIST_KEY_UISupportedInterfaceOrientations_iPad = "UIInterfaceOrientationPortrait UIInterfaceOrientationPortraitUpsideDown UIInterfaceOrientationLandscapeLeft UIInterfaceOrientationLandscapeRight";
				INFOPLIST_KEY_UISupportedInterfaceOrientations_iPhone = "UIInterfaceOrientationPortrait UIInterfaceOrientationLandscapeLeft UIInterfaceOrientationLandscapeRight";
				IPHONEOS_DEPLOYMENT_TARGET = 14.0;
				LD_RUNPATH_SEARCH_PATHS = (
					"$(inherited)",
					"@executable_path/Frameworks",
				);
				MARKETING_VERSION = 1.0;
				PRODUCT_BUNDLE_IDENTIFIER = DariaSe.ToDoGarden;
				PRODUCT_NAME = "$(TARGET_NAME)";
				SWIFT_EMIT_LOC_STRINGS = YES;
				SWIFT_VERSION = 5.0;
				TARGETED_DEVICE_FAMILY = "1,2";
			};
			name = Release;
		};
/* End XCBuildConfiguration section */

/* Begin XCConfigurationList section */
		DA6BA4C42792F212009A30C5 /* Build configuration list for PBXProject "ToDoGarden" */ = {
			isa = XCConfigurationList;
			buildConfigurations = (
				DA6BA4D52792F215009A30C5 /* Debug */,
				DA6BA4D62792F215009A30C5 /* Release */,
			);
			defaultConfigurationIsVisible = 0;
			defaultConfigurationName = Release;
		};
		DA6BA4D72792F215009A30C5 /* Build configuration list for PBXNativeTarget "ToDoGarden" */ = {
			isa = XCConfigurationList;
			buildConfigurations = (
				DA6BA4D82792F215009A30C5 /* Debug */,
				DA6BA4D92792F215009A30C5 /* Release */,
			);
			defaultConfigurationIsVisible = 0;
			defaultConfigurationName = Release;
		};
/* End XCConfigurationList section */
	};
	rootObject = DA6BA4C12792F212009A30C5 /* Project object */;
}
